
Microsoft Visual Studio Solution File, Format Version 12.00
# Visual Studio 15
VisualStudioVersion = 15.0.28010.2046
MinimumVisualStudioVersion = 10.0.40219.1
Project("{FAE04EC0-301F-11D3-BF4B-00C04F79EFBC}") = "MoshHelloWorld", "MoshHelloWorld\MoshHelloWorld.csproj", "{BC6D0D06-0169-45A1-B985-A6B185B51BD1}"
EndProject
Global
	GlobalSection(SolutionConfigurationPlatforms) = preSolution
		Debug|Any CPU = Debug|Any CPU
		Release|Any CPU = Release|Any CPU
	EndGlobalSection
	GlobalSection(ProjectConfigurationPlatforms) = postSolution
		{BC6D0D06-0169-45A1-B985-A6B185B51BD1}.Debug|Any CPU.ActiveCfg = Debug|Any CPU
		{BC6D0D06-0169-45A1-B985-A6B185B51BD1}.Debug|Any CPU.Build.0 = Debug|Any CPU
		{BC6D0D06-0169-45A1-B985-A6B185B51BD1}.Release|Any CPU.ActiveCfg = Release|Any CPU
		{BC6D0D06-0169-45A1-B985-A6B185B51BD1}.Release|Any CPU.Build.0 = Release|Any CPU
	EndGlobalSection
	GlobalSection(SolutionProperties) = preSolution
		HideSolutionNode = FALSE
	EndGlobalSection
	GlobalSection(ExtensibilityGlobals) = postSolution
		SolutionGuid = {F1E9D669-B969-4B53-B551-2415A686C83C}
	EndGlobalSection
EndGlobal
